
Microsoft Visual Studio Solution File, Format Version 11.00
# Visual Studio 2010
Project("{FAE04EC0-301F-11D3-BF4B-00C04F79EFBC}") = "Assembly-CSharp-firstpass", "Assembly-CSharp-firstpass.csproj", "{007E4DF4-2F3D-C773-B27C-C598878C70BA}"
EndProject
Project("{FAE04EC0-301F-11D3-BF4B-00C04F79EFBC}") = "Assembly-CSharp", "Assembly-CSharp.csproj", "{C13368F2-75D2-F6BA-4ED8-81A2ABE0CB00}"
EndProject
Project("{FAE04EC0-301F-11D3-BF4B-00C04F79EFBC}") = "Assembly-CSharp-Editor", "Assembly-CSharp-Editor.csproj", "{211BB2A9-D618-2C08-1C0D-CF94A26FB748}"
EndProject
Global
	GlobalSection(SolutionConfigurationPlatforms) = preSolution
		Debug|Any CPU = Debug|Any CPU
		Release|Any CPU = Release|Any CPU
	EndGlobalSection
	GlobalSection(ProjectConfigurationPlatforms) = postSolution
		{007E4DF4-2F3D-C773-B27C-C598878C70BA}.Debug|Any CPU.ActiveCfg = Debug|Any CPU
		{007E4DF4-2F3D-C773-B27C-C598878C70BA}.Debug|Any CPU.Build.0 = Debug|Any CPU
		{007E4DF4-2F3D-C773-B27C-C598878C70BA}.Release|Any CPU.ActiveCfg = Release|Any CPU
		{007E4DF4-2F3D-C773-B27C-C598878C70BA}.Release|Any CPU.Build.0 = Release|Any CPU
		{C13368F2-75D2-F6BA-4ED8-81A2ABE0CB00}.Debug|Any CPU.ActiveCfg = Debug|Any CPU
		{C13368F2-75D2-F6BA-4ED8-81A2ABE0CB00}.Debug|Any CPU.Build.0 = Debug|Any CPU
		{C13368F2-75D2-F6BA-4ED8-81A2ABE0CB00}.Release|Any CPU.ActiveCfg = Release|Any CPU
		{C13368F2-75D2-F6BA-4ED8-81A2ABE0CB00}.Release|Any CPU.Build.0 = Release|Any CPU
		{211BB2A9-D618-2C08-1C0D-CF94A26FB748}.Debug|Any CPU.ActiveCfg = Debug|Any CPU
		{211BB2A9-D618-2C08-1C0D-CF94A26FB748}.Debug|Any CPU.Build.0 = Debug|Any CPU
		{211BB2A9-D618-2C08-1C0D-CF94A26FB748}.Release|Any CPU.ActiveCfg = Release|Any CPU
		{211BB2A9-D618-2C08-1C0D-CF94A26FB748}.Release|Any CPU.Build.0 = Release|Any CPU
	EndGlobalSection
	GlobalSection(SolutionProperties) = preSolution
		HideSolutionNode = FALSE
	EndGlobalSection
EndGlobal
